// !$*UTF8*$!
{
	archiveVersion = 1;
	classes = {
	};
	objectVersion = 56;
	objects = {

/* Begin PBXBuildFile section */
		5DBA0DDC2C04595100A3C105 /* iOS_PlaygroundApp.swift in Sources */ = {isa = PBXBuildFile; fileRef = 5DBA0DDB2C04595100A3C105 /* iOS_PlaygroundApp.swift */; };
		5DBA0DDE2C04595100A3C105 /* ContentView.swift in Sources */ = {isa = PBXBuildFile; fileRef = 5DBA0DDD2C04595100A3C105 /* ContentView.swift */; };
		5DBA0DE02C04595200A3C105 /* Assets.xcassets in Resources */ = {isa = PBXBuildFile; fileRef = 5DBA0DDF2C04595200A3C105 /* Assets.xcassets */; };
		5DBA0DE32C04595200A3C105 /* Preview Assets.xcassets in Resources */ = {isa = PBXBuildFile; fileRef = 5DBA0DE22C04595200A3C105 /* Preview Assets.xcassets */; };
		5DBA0DEC2C04C05900A3C105 /* NetworkServiceProtocol.swift in Sources */ = {isa = PBXBuildFile; fileRef = 5DBA0DEB2C04C05900A3C105 /* NetworkServiceProtocol.swift */; };
		5DBA0DEE2C04C0B200A3C105 /* HTTPMethods.swift in Sources */ = {isa = PBXBuildFile; fileRef = 5DBA0DED2C04C0B100A3C105 /* HTTPMethods.swift */; };
		5DBA0DF02C04C0C200A3C105 /* URLPaths.swift in Sources */ = {isa = PBXBuildFile; fileRef = 5DBA0DEF2C04C0C200A3C105 /* URLPaths.swift */; };
		5DBA0DF22C04C10D00A3C105 /* NetworkService.swift in Sources */ = {isa = PBXBuildFile; fileRef = 5DBA0DF12C04C10D00A3C105 /* NetworkService.swift */; };
		5DBA0DF52C04C20F00A3C105 /* Constants.swift in Sources */ = {isa = PBXBuildFile; fileRef = 5DBA0DF42C04C20F00A3C105 /* Constants.swift */; };
		5DBA0E012C04E05100A3C105 /* PostsModel.swift in Sources */ = {isa = PBXBuildFile; fileRef = 5DBA0E002C04E05100A3C105 /* PostsModel.swift */; };
		5DBA0E032C04E13500A3C105 /* PostsRepo.swift in Sources */ = {isa = PBXBuildFile; fileRef = 5DBA0E022C04E13500A3C105 /* PostsRepo.swift */; };
		5DBA0E072C04E3D500A3C105 /* PostsRepoImpl.swift in Sources */ = {isa = PBXBuildFile; fileRef = 5DBA0E062C04E3D500A3C105 /* PostsRepoImpl.swift */; };
		5DBA0E092C04E5A800A3C105 /* PostsViewModel.swift in Sources */ = {isa = PBXBuildFile; fileRef = 5DBA0E082C04E5A800A3C105 /* PostsViewModel.swift */; };
		5DBA0E0B2C04E79B00A3C105 /* PostsList.swift in Sources */ = {isa = PBXBuildFile; fileRef = 5DBA0E0A2C04E79B00A3C105 /* PostsList.swift */; };
		5DBA0E0E2C04E9D900A3C105 /* PostsDIContainer.swift in Sources */ = {isa = PBXBuildFile; fileRef = 5DBA0E0D2C04E9D900A3C105 /* PostsDIContainer.swift */; };
		5DBA0E122C04EE8400A3C105 /* MakePost.swift in Sources */ = {isa = PBXBuildFile; fileRef = 5DBA0E112C04EE8400A3C105 /* MakePost.swift */; };
/* End PBXBuildFile section */

/* Begin PBXFileReference section */
		5DBA0DD82C04595100A3C105 /* iOS-Playground.app */ = {isa = PBXFileReference; explicitFileType = wrapper.application; includeInIndex = 0; path = "iOS-Playground.app"; sourceTree = BUILT_PRODUCTS_DIR; };
		5DBA0DDB2C04595100A3C105 /* iOS_PlaygroundApp.swift */ = {isa = PBXFileReference; lastKnownFileType = sourcecode.swift; path = iOS_PlaygroundApp.swift; sourceTree = "<group>"; };
		5DBA0DDD2C04595100A3C105 /* ContentView.swift */ = {isa = PBXFileReference; lastKnownFileType = sourcecode.swift; path = ContentView.swift; sourceTree = "<group>"; };
		5DBA0DDF2C04595200A3C105 /* Assets.xcassets */ = {isa = PBXFileReference; lastKnownFileType = folder.assetcatalog; path = Assets.xcassets; sourceTree = "<group>"; };
		5DBA0DE22C04595200A3C105 /* Preview Assets.xcassets */ = {isa = PBXFileReference; lastKnownFileType = folder.assetcatalog; path = "Preview Assets.xcassets"; sourceTree = "<group>"; };
		5DBA0DEB2C04C05900A3C105 /* NetworkServiceProtocol.swift */ = {isa = PBXFileReference; lastKnownFileType = sourcecode.swift; path = NetworkServiceProtocol.swift; sourceTree = "<group>"; };
		5DBA0DED2C04C0B100A3C105 /* HTTPMethods.swift */ = {isa = PBXFileReference; lastKnownFileType = sourcecode.swift; path = HTTPMethods.swift; sourceTree = "<group>"; };
		5DBA0DEF2C04C0C200A3C105 /* URLPaths.swift */ = {isa = PBXFileReference; lastKnownFileType = sourcecode.swift; path = URLPaths.swift; sourceTree = "<group>"; };
		5DBA0DF12C04C10D00A3C105 /* NetworkService.swift */ = {isa = PBXFileReference; lastKnownFileType = sourcecode.swift; path = NetworkService.swift; sourceTree = "<group>"; };
		5DBA0DF42C04C20F00A3C105 /* Constants.swift */ = {isa = PBXFileReference; lastKnownFileType = sourcecode.swift; path = Constants.swift; sourceTree = "<group>"; };
		5DBA0E002C04E05100A3C105 /* PostsModel.swift */ = {isa = PBXFileReference; lastKnownFileType = sourcecode.swift; path = PostsModel.swift; sourceTree = "<group>"; };
		5DBA0E022C04E13500A3C105 /* PostsRepo.swift */ = {isa = PBXFileReference; lastKnownFileType = sourcecode.swift; path = PostsRepo.swift; sourceTree = "<group>"; };
		5DBA0E062C04E3D500A3C105 /* PostsRepoImpl.swift */ = {isa = PBXFileReference; lastKnownFileType = sourcecode.swift; path = PostsRepoImpl.swift; sourceTree = "<group>"; };
		5DBA0E082C04E5A800A3C105 /* PostsViewModel.swift */ = {isa = PBXFileReference; lastKnownFileType = sourcecode.swift; path = PostsViewModel.swift; sourceTree = "<group>"; };
		5DBA0E0A2C04E79B00A3C105 /* PostsList.swift */ = {isa = PBXFileReference; lastKnownFileType = sourcecode.swift; path = PostsList.swift; sourceTree = "<group>"; };
		5DBA0E0D2C04E9D900A3C105 /* PostsDIContainer.swift */ = {isa = PBXFileReference; lastKnownFileType = sourcecode.swift; path = PostsDIContainer.swift; sourceTree = "<group>"; };
		5DBA0E112C04EE8400A3C105 /* MakePost.swift */ = {isa = PBXFileReference; lastKnownFileType = sourcecode.swift; path = MakePost.swift; sourceTree = "<group>"; };
/* End PBXFileReference section */

/* Begin PBXFrameworksBuildPhase section */
		5DBA0DD52C04595100A3C105 /* Frameworks */ = {
			isa = PBXFrameworksBuildPhase;
			buildActionMask = 2147483647;
			files = (
			);
			runOnlyForDeploymentPostprocessing = 0;
		};
/* End PBXFrameworksBuildPhase section */

/* Begin PBXGroup section */
		5DBA0DCF2C04595100A3C105 = {
			isa = PBXGroup;
			children = (
				5DBA0DDA2C04595100A3C105 /* iOS-Playground */,
				5DBA0DD92C04595100A3C105 /* Products */,
			);
			sourceTree = "<group>";
		};
		5DBA0DD92C04595100A3C105 /* Products */ = {
			isa = PBXGroup;
			children = (
				5DBA0DD82C04595100A3C105 /* iOS-Playground.app */,
			);
			name = Products;
			sourceTree = "<group>";
		};
		5DBA0DDA2C04595100A3C105 /* iOS-Playground */ = {
			isa = PBXGroup;
			children = (
				5DBA0DF62C04DF7900A3C105 /* CleanArchitecture */,
				5DBA0DE92C04C04200A3C105 /* Utils */,
				5DBA0DDB2C04595100A3C105 /* iOS_PlaygroundApp.swift */,
				5DBA0DDD2C04595100A3C105 /* ContentView.swift */,
				5DBA0DDF2C04595200A3C105 /* Assets.xcassets */,
				5DBA0DE12C04595200A3C105 /* Preview Content */,
			);
			path = "iOS-Playground";
			sourceTree = "<group>";
		};
		5DBA0DE12C04595200A3C105 /* Preview Content */ = {
			isa = PBXGroup;
			children = (
				5DBA0DE22C04595200A3C105 /* Preview Assets.xcassets */,
			);
			path = "Preview Content";
			sourceTree = "<group>";
		};
		5DBA0DE92C04C04200A3C105 /* Utils */ = {
			isa = PBXGroup;
			children = (
				5DBA0DF32C04C20200A3C105 /* Constants */,
				5DBA0DEA2C04C04900A3C105 /* Network */,
			);
			path = Utils;
			sourceTree = "<group>";
		};
		5DBA0DEA2C04C04900A3C105 /* Network */ = {
			isa = PBXGroup;
			children = (
				5DBA0DEB2C04C05900A3C105 /* NetworkServiceProtocol.swift */,
				5DBA0DED2C04C0B100A3C105 /* HTTPMethods.swift */,
				5DBA0DEF2C04C0C200A3C105 /* URLPaths.swift */,
				5DBA0DF12C04C10D00A3C105 /* NetworkService.swift */,
			);
			path = Network;
			sourceTree = "<group>";
		};
		5DBA0DF32C04C20200A3C105 /* Constants */ = {
			isa = PBXGroup;
			children = (
				5DBA0DF42C04C20F00A3C105 /* Constants.swift */,
			);
			path = Constants;
			sourceTree = "<group>";
		};
		5DBA0DF62C04DF7900A3C105 /* CleanArchitecture */ = {
			isa = PBXGroup;
			children = (
				5DBA0DF72C04DF8800A3C105 /* Features */,
			);
			path = CleanArchitecture;
			sourceTree = "<group>";
		};
		5DBA0DF72C04DF8800A3C105 /* Features */ = {
			isa = PBXGroup;
			children = (
				5DBA0DF82C04DF9700A3C105 /* Posts */,
			);
			path = Features;
			sourceTree = "<group>";
		};
		5DBA0DF82C04DF9700A3C105 /* Posts */ = {
			isa = PBXGroup;
			children = (
				5DBA0E0C2C04E9CC00A3C105 /* DI */,
				5DBA0DFD2C04DFB800A3C105 /* Data */,
				5DBA0DFC2C04DFB200A3C105 /* Domain */,
				5DBA0DF92C04DF9D00A3C105 /* Presentation */,
			);
			path = Posts;
			sourceTree = "<group>";
		};
		5DBA0DF92C04DF9D00A3C105 /* Presentation */ = {
			isa = PBXGroup;
			children = (
				5DBA0DFB2C04DFAA00A3C105 /* ViewModel */,
				5DBA0DFA2C04DFA600A3C105 /* View */,
			);
			path = Presentation;
			sourceTree = "<group>";
		};
		5DBA0DFA2C04DFA600A3C105 /* View */ = {
			isa = PBXGroup;
			children = (
				5DBA0E0A2C04E79B00A3C105 /* PostsList.swift */,
				5DBA0E112C04EE8400A3C105 /* MakePost.swift */,
			);
			path = View;
			sourceTree = "<group>";
		};
		5DBA0DFB2C04DFAA00A3C105 /* ViewModel */ = {
			isa = PBXGroup;
			children = (
				5DBA0E082C04E5A800A3C105 /* PostsViewModel.swift */,
			);
			path = ViewModel;
			sourceTree = "<group>";
		};
		5DBA0DFC2C04DFB200A3C105 /* Domain */ = {
			isa = PBXGroup;
			children = (
				5DBA0DFF2C04E03F00A3C105 /* Repo */,
				5DBA0DFE2C04E03600A3C105 /* Model */,
			);
			path = Domain;
			sourceTree = "<group>";
		};
		5DBA0DFD2C04DFB800A3C105 /* Data */ = {
			isa = PBXGroup;
			children = (
				5DBA0E042C04E39F00A3C105 /* Remote */,
			);
			path = Data;
			sourceTree = "<group>";
		};
		5DBA0DFE2C04E03600A3C105 /* Model */ = {
			isa = PBXGroup;
			children = (
				5DBA0E002C04E05100A3C105 /* PostsModel.swift */,
			);
			path = Model;
			sourceTree = "<group>";
		};
		5DBA0DFF2C04E03F00A3C105 /* Repo */ = {
			isa = PBXGroup;
			children = (
				5DBA0E022C04E13500A3C105 /* PostsRepo.swift */,
			);
			path = Repo;
			sourceTree = "<group>";
		};
		5DBA0E042C04E39F00A3C105 /* Remote */ = {
			isa = PBXGroup;
			children = (
				5DBA0E052C04E3CC00A3C105 /* Impl */,
			);
			path = Remote;
			sourceTree = "<group>";
		};
		5DBA0E052C04E3CC00A3C105 /* Impl */ = {
			isa = PBXGroup;
			children = (
				5DBA0E062C04E3D500A3C105 /* PostsRepoImpl.swift */,
			);
			path = Impl;
			sourceTree = "<group>";
		};
		5DBA0E0C2C04E9CC00A3C105 /* DI */ = {
			isa = PBXGroup;
			children = (
				5DBA0E0D2C04E9D900A3C105 /* PostsDIContainer.swift */,
			);
			path = DI;
			sourceTree = "<group>";
		};
/* End PBXGroup section */

/* Begin PBXNativeTarget section */
		5DBA0DD72C04595100A3C105 /* iOS-Playground */ = {
			isa = PBXNativeTarget;
			buildConfigurationList = 5DBA0DE62C04595200A3C105 /* Build configuration list for PBXNativeTarget "iOS-Playground" */;
			buildPhases = (
				5DBA0DD42C04595100A3C105 /* Sources */,
				5DBA0DD52C04595100A3C105 /* Frameworks */,
				5DBA0DD62C04595100A3C105 /* Resources */,
			);
			buildRules = (
			);
			dependencies = (
			);
			name = "iOS-Playground";
			productName = "iOS-Playground";
			productReference = 5DBA0DD82C04595100A3C105 /* iOS-Playground.app */;
			productType = "com.apple.product-type.application";
		};
/* End PBXNativeTarget section */

/* Begin PBXProject section */
		5DBA0DD02C04595100A3C105 /* Project object */ = {
			isa = PBXProject;
			attributes = {
				BuildIndependentTargetsInParallel = 1;
				LastSwiftUpdateCheck = 1540;
				LastUpgradeCheck = 1540;
				TargetAttributes = {
					5DBA0DD72C04595100A3C105 = {
						CreatedOnToolsVersion = 15.4;
					};
				};
			};
			buildConfigurationList = 5DBA0DD32C04595100A3C105 /* Build configuration list for PBXProject "iOS-Playground" */;
			compatibilityVersion = "Xcode 14.0";
			developmentRegion = en;
			hasScannedForEncodings = 0;
			knownRegions = (
				en,
				Base,
			);
			mainGroup = 5DBA0DCF2C04595100A3C105;
			productRefGroup = 5DBA0DD92C04595100A3C105 /* Products */;
			projectDirPath = "";
			projectRoot = "";
			targets = (
				5DBA0DD72C04595100A3C105 /* iOS-Playground */,
			);
		};
/* End PBXProject section */

/* Begin PBXResourcesBuildPhase section */
		5DBA0DD62C04595100A3C105 /* Resources */ = {
			isa = PBXResourcesBuildPhase;
			buildActionMask = 2147483647;
			files = (
				5DBA0DE32C04595200A3C105 /* Preview Assets.xcassets in Resources */,
				5DBA0DE02C04595200A3C105 /* Assets.xcassets in Resources */,
			);
			runOnlyForDeploymentPostprocessing = 0;
		};
/* End PBXResourcesBuildPhase section */

/* Begin PBXSourcesBuildPhase section */
		5DBA0DD42C04595100A3C105 /* Sources */ = {
			isa = PBXSourcesBuildPhase;
			buildActionMask = 2147483647;
			files = (
				5DBA0DEE2C04C0B200A3C105 /* HTTPMethods.swift in Sources */,
				5DBA0DF02C04C0C200A3C105 /* URLPaths.swift in Sources */,
				5DBA0DDE2C04595100A3C105 /* ContentView.swift in Sources */,
				5DBA0DDC2C04595100A3C105 /* iOS_PlaygroundApp.swift in Sources */,
				5DBA0DF52C04C20F00A3C105 /* Constants.swift in Sources */,
				5DBA0E012C04E05100A3C105 /* PostsModel.swift in Sources */,
				5DBA0E032C04E13500A3C105 /* PostsRepo.swift in Sources */,
				5DBA0E0E2C04E9D900A3C105 /* PostsDIContainer.swift in Sources */,
				5DBA0E0B2C04E79B00A3C105 /* PostsList.swift in Sources */,
				5DBA0E092C04E5A800A3C105 /* PostsViewModel.swift in Sources */,
				5DBA0DF22C04C10D00A3C105 /* NetworkService.swift in Sources */,
				5DBA0DEC2C04C05900A3C105 /* NetworkServiceProtocol.swift in Sources */,
				5DBA0E072C04E3D500A3C105 /* PostsRepoImpl.swift in Sources */,
				5DBA0E122C04EE8400A3C105 /* MakePost.swift in Sources */,
			);
			runOnlyForDeploymentPostprocessing = 0;
		};
/* End PBXSourcesBuildPhase section */

/* Begin XCBuildConfiguration section */
		5DBA0DE42C04595200A3C105 /* Debug */ = {
			isa = XCBuildConfiguration;
			buildSettings = {
				ALWAYS_SEARCH_USER_PATHS = NO;
				ASSETCATALOG_COMPILER_GENERATE_SWIFT_ASSET_SYMBOL_EXTENSIONS = YES;
				CLANG_ANALYZER_NONNULL = YES;
				CLANG_ANALYZER_NUMBER_OBJECT_CONVERSION = YES_AGGRESSIVE;
				CLANG_CXX_LANGUAGE_STANDARD = "gnu++20";
				CLANG_ENABLE_MODULES = YES;
				CLANG_ENABLE_OBJC_ARC = YES;
				CLANG_ENABLE_OBJC_WEAK = YES;
				CLANG_WARN_BLOCK_CAPTURE_AUTORELEASING = YES;
				CLANG_WARN_BOOL_CONVERSION = YES;
				CLANG_WARN_COMMA = YES;
				CLANG_WARN_CONSTANT_CONVERSION = YES;
				CLANG_WARN_DEPRECATED_OBJC_IMPLEMENTATIONS = YES;
				CLANG_WARN_DIRECT_OBJC_ISA_USAGE = YES_ERROR;
				CLANG_WARN_DOCUMENTATION_COMMENTS = YES;
				CLANG_WARN_EMPTY_BODY = YES;
				CLANG_WARN_ENUM_CONVERSION = YES;
				CLANG_WARN_INFINITE_RECURSION = YES;
				CLANG_WARN_INT_CONVERSION = YES;
				CLANG_WARN_NON_LITERAL_NULL_CONVERSION = YES;
				CLANG_WARN_OBJC_IMPLICIT_RETAIN_SELF = YES;
				CLANG_WARN_OBJC_LITERAL_CONVERSION = YES;
				CLANG_WARN_OBJC_ROOT_CLASS = YES_ERROR;
				CLANG_WARN_QUOTED_INCLUDE_IN_FRAMEWORK_HEADER = YES;
				CLANG_WARN_RANGE_LOOP_ANALYSIS = YES;
				CLANG_WARN_STRICT_PROTOTYPES = YES;
				CLANG_WARN_SUSPICIOUS_MOVE = YES;
				CLANG_WARN_UNGUARDED_AVAILABILITY = YES_AGGRESSIVE;
				CLANG_WARN_UNREACHABLE_CODE = YES;
				CLANG_WARN__DUPLICATE_METHOD_MATCH = YES;
				COPY_PHASE_STRIP = NO;
				DEBUG_INFORMATION_FORMAT = dwarf;
				ENABLE_STRICT_OBJC_MSGSEND = YES;
				ENABLE_TESTABILITY = YES;
				ENABLE_USER_SCRIPT_SANDBOXING = YES;
				GCC_C_LANGUAGE_STANDARD = gnu17;
				GCC_DYNAMIC_NO_PIC = NO;
				GCC_NO_COMMON_BLOCKS = YES;
				GCC_OPTIMIZATION_LEVEL = 0;
				GCC_PREPROCESSOR_DEFINITIONS = (
					"DEBUG=1",
					"$(inherited)",
				);
				GCC_WARN_64_TO_32_BIT_CONVERSION = YES;
				GCC_WARN_ABOUT_RETURN_TYPE = YES_ERROR;
				GCC_WARN_UNDECLARED_SELECTOR = YES;
				GCC_WARN_UNINITIALIZED_AUTOS = YES_AGGRESSIVE;
				GCC_WARN_UNUSED_FUNCTION = YES;
				GCC_WARN_UNUSED_VARIABLE = YES;
				IPHONEOS_DEPLOYMENT_TARGET = 17.5;
				LOCALIZATION_PREFERS_STRING_CATALOGS = YES;
				MTL_ENABLE_DEBUG_INFO = INCLUDE_SOURCE;
				MTL_FAST_MATH = YES;
				ONLY_ACTIVE_ARCH = YES;
				SDKROOT = iphoneos;
				SWIFT_ACTIVE_COMPILATION_CONDITIONS = "DEBUG $(inherited)";
				SWIFT_OPTIMIZATION_LEVEL = "-Onone";
			};
			name = Debug;
		};
		5DBA0DE52C04595200A3C105 /* Release */ = {
			isa = XCBuildConfiguration;
			buildSettings = {
				ALWAYS_SEARCH_USER_PATHS = NO;
				ASSETCATALOG_COMPILER_GENERATE_SWIFT_ASSET_SYMBOL_EXTENSIONS = YES;
				CLANG_ANALYZER_NONNULL = YES;
				CLANG_ANALYZER_NUMBER_OBJECT_CONVERSION = YES_AGGRESSIVE;
				CLANG_CXX_LANGUAGE_STANDARD = "gnu++20";
				CLANG_ENABLE_MODULES = YES;
				CLANG_ENABLE_OBJC_ARC = YES;
				CLANG_ENABLE_OBJC_WEAK = YES;
				CLANG_WARN_BLOCK_CAPTURE_AUTORELEASING = YES;
				CLANG_WARN_BOOL_CONVERSION = YES;
				CLANG_WARN_COMMA = YES;
				CLANG_WARN_CONSTANT_CONVERSION = YES;
				CLANG_WARN_DEPRECATED_OBJC_IMPLEMENTATIONS = YES;
				CLANG_WARN_DIRECT_OBJC_ISA_USAGE = YES_ERROR;
				CLANG_WARN_DOCUMENTATION_COMMENTS = YES;
				CLANG_WARN_EMPTY_BODY = YES;
				CLANG_WARN_ENUM_CONVERSION = YES;
				CLANG_WARN_INFINITE_RECURSION = YES;
				CLANG_WARN_INT_CONVERSION = YES;
				CLANG_WARN_NON_LITERAL_NULL_CONVERSION = YES;
				CLANG_WARN_OBJC_IMPLICIT_RETAIN_SELF = YES;
				CLANG_WARN_OBJC_LITERAL_CONVERSION = YES;
				CLANG_WARN_OBJC_ROOT_CLASS = YES_ERROR;
				CLANG_WARN_QUOTED_INCLUDE_IN_FRAMEWORK_HEADER = YES;
				CLANG_WARN_RANGE_LOOP_ANALYSIS = YES;
				CLANG_WARN_STRICT_PROTOTYPES = YES;
				CLANG_WARN_SUSPICIOUS_MOVE = YES;
				CLANG_WARN_UNGUARDED_AVAILABILITY = YES_AGGRESSIVE;
				CLANG_WARN_UNREACHABLE_CODE = YES;
				CLANG_WARN__DUPLICATE_METHOD_MATCH = YES;
				COPY_PHASE_STRIP = NO;
				DEBUG_INFORMATION_FORMAT = "dwarf-with-dsym";
				ENABLE_NS_ASSERTIONS = NO;
				ENABLE_STRICT_OBJC_MSGSEND = YES;
				ENABLE_USER_SCRIPT_SANDBOXING = YES;
				GCC_C_LANGUAGE_STANDARD = gnu17;
				GCC_NO_COMMON_BLOCKS = YES;
				GCC_WARN_64_TO_32_BIT_CONVERSION = YES;
				GCC_WARN_ABOUT_RETURN_TYPE = YES_ERROR;
				GCC_WARN_UNDECLARED_SELECTOR = YES;
				GCC_WARN_UNINITIALIZED_AUTOS = YES_AGGRESSIVE;
				GCC_WARN_UNUSED_FUNCTION = YES;
				GCC_WARN_UNUSED_VARIABLE = YES;
				IPHONEOS_DEPLOYMENT_TARGET = 17.5;
				LOCALIZATION_PREFERS_STRING_CATALOGS = YES;
				MTL_ENABLE_DEBUG_INFO = NO;
				MTL_FAST_MATH = YES;
				SDKROOT = iphoneos;
				SWIFT_COMPILATION_MODE = wholemodule;
				VALIDATE_PRODUCT = YES;
			};
			name = Release;
		};
		5DBA0DE72C04595200A3C105 /* Debug */ = {
			isa = XCBuildConfiguration;
			buildSettings = {
				ASSETCATALOG_COMPILER_APPICON_NAME = AppIcon;
				ASSETCATALOG_COMPILER_GLOBAL_ACCENT_COLOR_NAME = AccentColor;
				CODE_SIGN_STYLE = Automatic;
				CURRENT_PROJECT_VERSION = 1;
				DEVELOPMENT_ASSET_PATHS = "\"iOS-Playground/Preview Content\"";
				DEVELOPMENT_TEAM = G4XLFMNW66;
				ENABLE_PREVIEWS = YES;
				GENERATE_INFOPLIST_FILE = YES;
				INFOPLIST_KEY_UIApplicationSceneManifest_Generation = YES;
				INFOPLIST_KEY_UIApplicationSupportsIndirectInputEvents = YES;
				INFOPLIST_KEY_UILaunchScreen_Generation = YES;
				INFOPLIST_KEY_UISupportedInterfaceOrientations_iPad = "UIInterfaceOrientationPortrait UIInterfaceOrientationPortraitUpsideDown UIInterfaceOrientationLandscapeLeft UIInterfaceOrientationLandscapeRight";
				INFOPLIST_KEY_UISupportedInterfaceOrientations_iPhone = "UIInterfaceOrientationPortrait UIInterfaceOrientationLandscapeLeft UIInterfaceOrientationLandscapeRight";
				LD_RUNPATH_SEARCH_PATHS = (
					"$(inherited)",
					"@executable_path/Frameworks",
				);
				MARKETING_VERSION = 1.0;
				PRODUCT_BUNDLE_IDENTIFIER = "com.PrashannaR.iOS-Playground";
				PRODUCT_NAME = "$(TARGET_NAME)";
				SWIFT_EMIT_LOC_STRINGS = YES;
				SWIFT_VERSION = 5.0;
				TARGETED_DEVICE_FAMILY = "1,2";
			};
			name = Debug;
		};
		5DBA0DE82C04595200A3C105 /* Release */ = {
			isa = XCBuildConfiguration;
			buildSettings = {
				ASSETCATALOG_COMPILER_APPICON_NAME = AppIcon;
				ASSETCATALOG_COMPILER_GLOBAL_ACCENT_COLOR_NAME = AccentColor;
				CODE_SIGN_STYLE = Automatic;
				CURRENT_PROJECT_VERSION = 1;
				DEVELOPMENT_ASSET_PATHS = "\"iOS-Playground/Preview Content\"";
				DEVELOPMENT_TEAM = G4XLFMNW66;
				ENABLE_PREVIEWS = YES;
				GENERATE_INFOPLIST_FILE = YES;
				INFOPLIST_KEY_UIApplicationSceneManifest_Generation = YES;
				INFOPLIST_KEY_UIApplicationSupportsIndirectInputEvents = YES;
				INFOPLIST_KEY_UILaunchScreen_Generation = YES;
				INFOPLIST_KEY_UISupportedInterfaceOrientations_iPad = "UIInterfaceOrientationPortrait UIInterfaceOrientationPortraitUpsideDown UIInterfaceOrientationLandscapeLeft UIInterfaceOrientationLandscapeRight";
				INFOPLIST_KEY_UISupportedInterfaceOrientations_iPhone = "UIInterfaceOrientationPortrait UIInterfaceOrientationLandscapeLeft UIInterfaceOrientationLandscapeRight";
				LD_RUNPATH_SEARCH_PATHS = (
					"$(inherited)",
					"@executable_path/Frameworks",
				);
				MARKETING_VERSION = 1.0;
				PRODUCT_BUNDLE_IDENTIFIER = "com.PrashannaR.iOS-Playground";
				PRODUCT_NAME = "$(TARGET_NAME)";
				SWIFT_EMIT_LOC_STRINGS = YES;
				SWIFT_VERSION = 5.0;
				TARGETED_DEVICE_FAMILY = "1,2";
			};
			name = Release;
		};
/* End XCBuildConfiguration section */

/* Begin XCConfigurationList section */
		5DBA0DD32C04595100A3C105 /* Build configuration list for PBXProject "iOS-Playground" */ = {
			isa = XCConfigurationList;
			buildConfigurations = (
				5DBA0DE42C04595200A3C105 /* Debug */,
				5DBA0DE52C04595200A3C105 /* Release */,
			);
			defaultConfigurationIsVisible = 0;
			defaultConfigurationName = Release;
		};
		5DBA0DE62C04595200A3C105 /* Build configuration list for PBXNativeTarget "iOS-Playground" */ = {
			isa = XCConfigurationList;
			buildConfigurations = (
				5DBA0DE72C04595200A3C105 /* Debug */,
				5DBA0DE82C04595200A3C105 /* Release */,
			);
			defaultConfigurationIsVisible = 0;
			defaultConfigurationName = Release;
		};
/* End XCConfigurationList section */
	};
	rootObject = 5DBA0DD02C04595100A3C105 /* Project object */;
}
